
Microsoft Visual Studio Solution File, Format Version 12.00
# Visual Studio 15
VisualStudioVersion = 15.0.28010.2026
MinimumVisualStudioVersion = 10.0.40219.1
Project("{FAE04EC0-301F-11D3-BF4B-00C04F79EFBC}") = "a2", "a2\a2.csproj", "{1C15F533-C6F1-49BB-AE3D-604BAB379E9F}"
EndProject
Global
	GlobalSection(SolutionConfigurationPlatforms) = preSolution
		Debug|Any CPU = Debug|Any CPU
		Release|Any CPU = Release|Any CPU
	EndGlobalSection
	GlobalSection(ProjectConfigurationPlatforms) = postSolution
		{1C15F533-C6F1-49BB-AE3D-604BAB379E9F}.Debug|Any CPU.ActiveCfg = Debug|Any CPU
		{1C15F533-C6F1-49BB-AE3D-604BAB379E9F}.Debug|Any CPU.Build.0 = Debug|Any CPU
		{1C15F533-C6F1-49BB-AE3D-604BAB379E9F}.Release|Any CPU.ActiveCfg = Release|Any CPU
		{1C15F533-C6F1-49BB-AE3D-604BAB379E9F}.Release|Any CPU.Build.0 = Release|Any CPU
	EndGlobalSection
	GlobalSection(SolutionProperties) = preSolution
		HideSolutionNode = FALSE
	EndGlobalSection
	GlobalSection(ExtensibilityGlobals) = postSolution
		SolutionGuid = {DDF476C9-F7C0-40E9-82EE-F1527E763153}
	EndGlobalSection
EndGlobal
